
Microsoft Visual Studio Solution File, Format Version 12.00
# Visual Studio 15
VisualStudioVersion = 15.0.26430.16
MinimumVisualStudioVersion = 10.0.40219.1
Project("{2150E333-8FDC-42A3-9474-1A3956D46DE8}") = "Hosts", "Hosts", "{34D806F4-4813-408D-9920-AFB9A0EF4A0B}"
EndProject
Project("{FAE04EC0-301F-11D3-BF4B-00C04F79EFBC}") = "NeuralNetworkConstructor.VisualizerApp", "src\Hosts\NeuralNetworkConstructor.VisualizerApp\NeuralNetworkConstructor.VisualizerApp.csproj", "{DAA1F107-46E1-446C-BD18-75AFA27037C0}"
EndProject
Project("{2150E333-8FDC-42A3-9474-1A3956D46DE8}") = "Domain", "Domain", "{78DA694E-FAF4-4088-BE8A-50C96BD17992}"
EndProject
Project("{FAE04EC0-301F-11D3-BF4B-00C04F79EFBC}") = "NeuralNetworkConstructor.Diagrams", "src\Domain\NeuralNetworkConstructor.Diagrams\NeuralNetworkConstructor.Diagrams.csproj", "{B2DC7B69-D6DD-4E88-85EC-4F6FD97E122D}"
EndProject
Project("{2150E333-8FDC-42A3-9474-1A3956D46DE8}") = "Logic", "Logic", "{119BF24C-C67B-4F26-8D8A-98E0E488129C}"
EndProject
Project("{FAE04EC0-301F-11D3-BF4B-00C04F79EFBC}") = "NeuralNetworkConstructor.Algorithms", "src\Logic\NeuralNetworkConstructor.Algorithms\NeuralNetworkConstructor.Algorithms.csproj", "{B040069A-0FD4-4CDC-9CBA-238448495E4E}"
EndProject
Project("{2150E333-8FDC-42A3-9474-1A3956D46DE8}") = "Components", "Components", "{2242D2E6-C29C-472A-9E77-A65AAA945354}"
EndProject
Project("{FAE04EC0-301F-11D3-BF4B-00C04F79EFBC}") = "NeuralNetworkConstructor.Drawing.Core", "src\Components\NeuralNetworkConstructor.Drawing.Core\NeuralNetworkConstructor.Drawing.Core.csproj", "{EBA34F60-214C-4E68-846F-CBECFBFB8248}"
EndProject
Project("{FAE04EC0-301F-11D3-BF4B-00C04F79EFBC}") = "NeuralNetworkConstructor.Drawing.SingleDraw", "src\Components\NeuralNetworkConstructor.Drawing.SingleDraw\NeuralNetworkConstructor.Drawing.SingleDraw.csproj", "{53E90582-0413-44BC-94B9-988E73D5A23B}"
EndProject
Project("{FAE04EC0-301F-11D3-BF4B-00C04F79EFBC}") = "NeuralNetworkConstructor.Drawing.SingleImage", "src\Components\NeuralNetworkConstructor.Drawing.SingleImage\NeuralNetworkConstructor.Drawing.SingleImage.csproj", "{D86FDD86-B668-491D-82DE-412BB8C19D87}"
EndProject
Project("{2150E333-8FDC-42A3-9474-1A3956D46DE8}") = "Framework", "Framework", "{2F6AE140-0144-454D-BA8D-00935A970123}"
EndProject
Project("{FAE04EC0-301F-11D3-BF4B-00C04F79EFBC}") = "NeuralNetworkConstructor.Core", "src\Framework\NeuralNetworkConstructor.Core\NeuralNetworkConstructor.Core.csproj", "{8681A7FD-6AF6-43A4-9218-08234841559C}"
EndProject
Project("{FAE04EC0-301F-11D3-BF4B-00C04F79EFBC}") = "NeuralNetworkConstructor.DispatcherLoggerComponent", "src\Components\NeuralNetworkConstructor.DispatcherLoggerComponent\NeuralNetworkConstructor.DispatcherLoggerComponent.csproj", "{1D626DED-BE53-4777-B43B-ADDDA086E9A3}"
EndProject
Project("{FAE04EC0-301F-11D3-BF4B-00C04F79EFBC}") = "NeuralNetworkConstructor.Diagrams.Tests", "src\Domain\NeuralNetworkConstructor.Diagrams.Tests\NeuralNetworkConstructor.Diagrams.Tests.csproj", "{2F81342D-4E3D-4DC2-90F3-FEB3929F361C}"
EndProject
Global
	GlobalSection(SolutionConfigurationPlatforms) = preSolution
		Debug|Any CPU = Debug|Any CPU
		Release|Any CPU = Release|Any CPU
	EndGlobalSection
	GlobalSection(ProjectConfigurationPlatforms) = postSolution
		{DAA1F107-46E1-446C-BD18-75AFA27037C0}.Debug|Any CPU.ActiveCfg = Debug|Any CPU
		{DAA1F107-46E1-446C-BD18-75AFA27037C0}.Debug|Any CPU.Build.0 = Debug|Any CPU
		{DAA1F107-46E1-446C-BD18-75AFA27037C0}.Release|Any CPU.ActiveCfg = Release|Any CPU
		{DAA1F107-46E1-446C-BD18-75AFA27037C0}.Release|Any CPU.Build.0 = Release|Any CPU
		{B2DC7B69-D6DD-4E88-85EC-4F6FD97E122D}.Debug|Any CPU.ActiveCfg = Debug|Any CPU
		{B2DC7B69-D6DD-4E88-85EC-4F6FD97E122D}.Debug|Any CPU.Build.0 = Debug|Any CPU
		{B2DC7B69-D6DD-4E88-85EC-4F6FD97E122D}.Release|Any CPU.ActiveCfg = Release|Any CPU
		{B2DC7B69-D6DD-4E88-85EC-4F6FD97E122D}.Release|Any CPU.Build.0 = Release|Any CPU
		{B040069A-0FD4-4CDC-9CBA-238448495E4E}.Debug|Any CPU.ActiveCfg = Debug|Any CPU
		{B040069A-0FD4-4CDC-9CBA-238448495E4E}.Debug|Any CPU.Build.0 = Debug|Any CPU
		{B040069A-0FD4-4CDC-9CBA-238448495E4E}.Release|Any CPU.ActiveCfg = Release|Any CPU
		{B040069A-0FD4-4CDC-9CBA-238448495E4E}.Release|Any CPU.Build.0 = Release|Any CPU
		{EBA34F60-214C-4E68-846F-CBECFBFB8248}.Debug|Any CPU.ActiveCfg = Debug|Any CPU
		{EBA34F60-214C-4E68-846F-CBECFBFB8248}.Debug|Any CPU.Build.0 = Debug|Any CPU
		{EBA34F60-214C-4E68-846F-CBECFBFB8248}.Release|Any CPU.ActiveCfg = Release|Any CPU
		{EBA34F60-214C-4E68-846F-CBECFBFB8248}.Release|Any CPU.Build.0 = Release|Any CPU
		{53E90582-0413-44BC-94B9-988E73D5A23B}.Debug|Any CPU.ActiveCfg = Debug|Any CPU
		{53E90582-0413-44BC-94B9-988E73D5A23B}.Debug|Any CPU.Build.0 = Debug|Any CPU
		{53E90582-0413-44BC-94B9-988E73D5A23B}.Release|Any CPU.ActiveCfg = Release|Any CPU
		{53E90582-0413-44BC-94B9-988E73D5A23B}.Release|Any CPU.Build.0 = Release|Any CPU
		{D86FDD86-B668-491D-82DE-412BB8C19D87}.Debug|Any CPU.ActiveCfg = Debug|Any CPU
		{D86FDD86-B668-491D-82DE-412BB8C19D87}.Debug|Any CPU.Build.0 = Debug|Any CPU
		{D86FDD86-B668-491D-82DE-412BB8C19D87}.Release|Any CPU.ActiveCfg = Release|Any CPU
		{D86FDD86-B668-491D-82DE-412BB8C19D87}.Release|Any CPU.Build.0 = Release|Any CPU
		{8681A7FD-6AF6-43A4-9218-08234841559C}.Debug|Any CPU.ActiveCfg = Debug|Any CPU
		{8681A7FD-6AF6-43A4-9218-08234841559C}.Debug|Any CPU.Build.0 = Debug|Any CPU
		{8681A7FD-6AF6-43A4-9218-08234841559C}.Release|Any CPU.ActiveCfg = Release|Any CPU
		{8681A7FD-6AF6-43A4-9218-08234841559C}.Release|Any CPU.Build.0 = Release|Any CPU
		{1D626DED-BE53-4777-B43B-ADDDA086E9A3}.Debug|Any CPU.ActiveCfg = Debug|Any CPU
		{1D626DED-BE53-4777-B43B-ADDDA086E9A3}.Debug|Any CPU.Build.0 = Debug|Any CPU
		{1D626DED-BE53-4777-B43B-ADDDA086E9A3}.Release|Any CPU.ActiveCfg = Release|Any CPU
		{1D626DED-BE53-4777-B43B-ADDDA086E9A3}.Release|Any CPU.Build.0 = Release|Any CPU
		{2F81342D-4E3D-4DC2-90F3-FEB3929F361C}.Debug|Any CPU.ActiveCfg = Debug|Any CPU
		{2F81342D-4E3D-4DC2-90F3-FEB3929F361C}.Debug|Any CPU.Build.0 = Debug|Any CPU
		{2F81342D-4E3D-4DC2-90F3-FEB3929F361C}.Release|Any CPU.ActiveCfg = Release|Any CPU
		{2F81342D-4E3D-4DC2-90F3-FEB3929F361C}.Release|Any CPU.Build.0 = Release|Any CPU
	EndGlobalSection
	GlobalSection(SolutionProperties) = preSolution
		HideSolutionNode = FALSE
	EndGlobalSection
	GlobalSection(NestedProjects) = preSolution
		{DAA1F107-46E1-446C-BD18-75AFA27037C0} = {34D806F4-4813-408D-9920-AFB9A0EF4A0B}
		{B2DC7B69-D6DD-4E88-85EC-4F6FD97E122D} = {78DA694E-FAF4-4088-BE8A-50C96BD17992}
		{B040069A-0FD4-4CDC-9CBA-238448495E4E} = {119BF24C-C67B-4F26-8D8A-98E0E488129C}
		{EBA34F60-214C-4E68-846F-CBECFBFB8248} = {2242D2E6-C29C-472A-9E77-A65AAA945354}
		{53E90582-0413-44BC-94B9-988E73D5A23B} = {2242D2E6-C29C-472A-9E77-A65AAA945354}
		{D86FDD86-B668-491D-82DE-412BB8C19D87} = {2242D2E6-C29C-472A-9E77-A65AAA945354}
		{8681A7FD-6AF6-43A4-9218-08234841559C} = {2F6AE140-0144-454D-BA8D-00935A970123}
		{1D626DED-BE53-4777-B43B-ADDDA086E9A3} = {2242D2E6-C29C-472A-9E77-A65AAA945354}
		{2F81342D-4E3D-4DC2-90F3-FEB3929F361C} = {78DA694E-FAF4-4088-BE8A-50C96BD17992}
	EndGlobalSection
EndGlobal
